
Microsoft Visual Studio Solution File, Format Version 12.00
# Visual Studio Version 16
VisualStudioVersion = 16.0.29319.158
MinimumVisualStudioVersion = 10.0.40219.1
Project("{9A19103F-16F7-4668-BE54-9A1E7A4F7556}") = "SpotifySlackListener", "SpotifySlackListener\SpotifySlackListener.csproj", "{052B15CB-FA3A-4635-AFD7-DC3DFA11F93D}"
EndProject
Project("{2150E333-8FDC-42A3-9474-1A3956D46DE8}") = "Solution Items", "Solution Items", "{1B2825AB-AB8C-4D55-9CEE-1513D4687786}"
	ProjectSection(SolutionItems) = preProject
		.gitignore = .gitignore
		README.md = README.md
		build.sh = build.sh
		dotnet-install.sh = dotnet-install.sh
	EndProjectSection
EndProject
Global
	GlobalSection(SolutionConfigurationPlatforms) = preSolution
		Debug|Any CPU = Debug|Any CPU
		Release|Any CPU = Release|Any CPU
	EndGlobalSection
	GlobalSection(ProjectConfigurationPlatforms) = postSolution
		{052B15CB-FA3A-4635-AFD7-DC3DFA11F93D}.Debug|Any CPU.ActiveCfg = Debug|Any CPU
		{052B15CB-FA3A-4635-AFD7-DC3DFA11F93D}.Debug|Any CPU.Build.0 = Debug|Any CPU
		{052B15CB-FA3A-4635-AFD7-DC3DFA11F93D}.Release|Any CPU.ActiveCfg = Release|Any CPU
		{052B15CB-FA3A-4635-AFD7-DC3DFA11F93D}.Release|Any CPU.Build.0 = Release|Any CPU
	EndGlobalSection
	GlobalSection(SolutionProperties) = preSolution
		HideSolutionNode = FALSE
	EndGlobalSection
	GlobalSection(ExtensibilityGlobals) = postSolution
		SolutionGuid = {C27830F3-E3B7-4DDC-A1D8-4AB66415A69C}
	EndGlobalSection
EndGlobal
